
Microsoft Visual Studio Solution File, Format Version 12.00
# Visual Studio Version 16
VisualStudioVersion = 16.0.810.2
MinimumVisualStudioVersion = 10.0.40219.1
Project("{FAE04EC0-301F-11D3-BF4B-00C04F79EFBC}") = "cours1test", "cours1test.csproj", "{C9ABA109-B49A-46BF-9E5E-A51D1DE12630}"
EndProject
Global
	GlobalSection(SolutionConfigurationPlatforms) = preSolution
		Debug|Any CPU = Debug|Any CPU
		Release|Any CPU = Release|Any CPU
	EndGlobalSection
	GlobalSection(ProjectConfigurationPlatforms) = postSolution
		{C9ABA109-B49A-46BF-9E5E-A51D1DE12630}.Debug|Any CPU.ActiveCfg = Debug|Any CPU
		{C9ABA109-B49A-46BF-9E5E-A51D1DE12630}.Debug|Any CPU.Build.0 = Debug|Any CPU
		{C9ABA109-B49A-46BF-9E5E-A51D1DE12630}.Release|Any CPU.ActiveCfg = Release|Any CPU
		{C9ABA109-B49A-46BF-9E5E-A51D1DE12630}.Release|Any CPU.Build.0 = Release|Any CPU
	EndGlobalSection
	GlobalSection(SolutionProperties) = preSolution
		HideSolutionNode = FALSE
	EndGlobalSection
	GlobalSection(ExtensibilityGlobals) = postSolution
		SolutionGuid = {BC1D3D39-B7F8-4954-9C16-F5A2B561880F}
	EndGlobalSection
EndGlobal
